
Microsoft Visual Studio Solution File, Format Version 12.00
# Visual Studio Version 16
VisualStudioVersion = 16.0.29230.47
MinimumVisualStudioVersion = 10.0.40219.1
Project("{FAE04EC0-301F-11D3-BF4B-00C04F79EFBC}") = "RemoteReceiver", "RemoteReceiver\RemoteReceiver.csproj", "{71282395-2D02-4E74-ADB8-88CDFE3A327C}"
EndProject
Project("{9A19103F-16F7-4668-BE54-9A1E7A4F7556}") = "RemoteInterface", "RemoteInterface\RemoteInterface.csproj", "{F028F2B3-BA77-4CC7-904D-8AF228D32524}"
EndProject
Project("{FAE04EC0-301F-11D3-BF4B-00C04F79EFBC}") = "WebServerNetFramework", "WebServerNetFramework\WebServerNetFramework.csproj", "{35B5604C-FD36-4F3D-AA52-5AAF6035D8CF}"
EndProject
Project("{FAE04EC0-301F-11D3-BF4B-00C04F79EFBC}") = "RemoteReceiver.ViewModel", "RemoteReceiver.ViewModel\RemoteReceiver.ViewModel.csproj", "{079A401E-8866-425C-8DAA-C409A383209D}"
EndProject
Project("{2150E333-8FDC-42A3-9474-1A3956D46DE8}") = "Server", "Server", "{5FB47844-0E21-4875-B4C3-55F4B0262D13}"
EndProject
Project("{2150E333-8FDC-42A3-9474-1A3956D46DE8}") = "Client", "Client", "{A30B7FA8-2F1C-425D-B84F-778B2D423E4D}"
EndProject
Project("{2150E333-8FDC-42A3-9474-1A3956D46DE8}") = "Common", "Common", "{E736542B-AE65-4575-A369-DBC49BCC20E6}"
EndProject
Project("{FAE04EC0-301F-11D3-BF4B-00C04F79EFBC}") = "RemoteReceiver.Model", "RemoteReceiver.Model\RemoteReceiver.Model.csproj", "{D708D317-7877-4E65-929F-1E89F6CA83A2}"
EndProject
Project("{FAE04EC0-301F-11D3-BF4B-00C04F79EFBC}") = "RemoteReceiver.Communication", "RemoteReceiver.Communication\RemoteReceiver.Communication.csproj", "{9C6EF90E-0FEE-4DA5-AFFA-B96ECF6D2A6F}"
EndProject
Global
	GlobalSection(SolutionConfigurationPlatforms) = preSolution
		Ad-Hoc|Any CPU = Ad-Hoc|Any CPU
		Ad-Hoc|ARM = Ad-Hoc|ARM
		Ad-Hoc|iPhone = Ad-Hoc|iPhone
		Ad-Hoc|iPhoneSimulator = Ad-Hoc|iPhoneSimulator
		Ad-Hoc|x64 = Ad-Hoc|x64
		Ad-Hoc|x86 = Ad-Hoc|x86
		AppStore|Any CPU = AppStore|Any CPU
		AppStore|ARM = AppStore|ARM
		AppStore|iPhone = AppStore|iPhone
		AppStore|iPhoneSimulator = AppStore|iPhoneSimulator
		AppStore|x64 = AppStore|x64
		AppStore|x86 = AppStore|x86
		Debug|Any CPU = Debug|Any CPU
		Debug|ARM = Debug|ARM
		Debug|iPhone = Debug|iPhone
		Debug|iPhoneSimulator = Debug|iPhoneSimulator
		Debug|x64 = Debug|x64
		Debug|x86 = Debug|x86
		Release|Any CPU = Release|Any CPU
		Release|ARM = Release|ARM
		Release|iPhone = Release|iPhone
		Release|iPhoneSimulator = Release|iPhoneSimulator
		Release|x64 = Release|x64
		Release|x86 = Release|x86
	EndGlobalSection
	GlobalSection(ProjectConfigurationPlatforms) = postSolution
		{71282395-2D02-4E74-ADB8-88CDFE3A327C}.Ad-Hoc|Any CPU.ActiveCfg = Release|Any CPU
		{71282395-2D02-4E74-ADB8-88CDFE3A327C}.Ad-Hoc|Any CPU.Build.0 = Release|Any CPU
		{71282395-2D02-4E74-ADB8-88CDFE3A327C}.Ad-Hoc|ARM.ActiveCfg = Release|Any CPU
		{71282395-2D02-4E74-ADB8-88CDFE3A327C}.Ad-Hoc|ARM.Build.0 = Release|Any CPU
		{71282395-2D02-4E74-ADB8-88CDFE3A327C}.Ad-Hoc|iPhone.ActiveCfg = Release|Any CPU
		{71282395-2D02-4E74-ADB8-88CDFE3A327C}.Ad-Hoc|iPhone.Build.0 = Release|Any CPU
		{71282395-2D02-4E74-ADB8-88CDFE3A327C}.Ad-Hoc|iPhoneSimulator.ActiveCfg = Release|Any CPU
		{71282395-2D02-4E74-ADB8-88CDFE3A327C}.Ad-Hoc|iPhoneSimulator.Build.0 = Release|Any CPU
		{71282395-2D02-4E74-ADB8-88CDFE3A327C}.Ad-Hoc|x64.ActiveCfg = Release|Any CPU
		{71282395-2D02-4E74-ADB8-88CDFE3A327C}.Ad-Hoc|x64.Build.0 = Release|Any CPU
		{71282395-2D02-4E74-ADB8-88CDFE3A327C}.Ad-Hoc|x86.ActiveCfg = Release|Any CPU
		{71282395-2D02-4E74-ADB8-88CDFE3A327C}.Ad-Hoc|x86.Build.0 = Release|Any CPU
		{71282395-2D02-4E74-ADB8-88CDFE3A327C}.AppStore|Any CPU.ActiveCfg = Release|Any CPU
		{71282395-2D02-4E74-ADB8-88CDFE3A327C}.AppStore|Any CPU.Build.0 = Release|Any CPU
		{71282395-2D02-4E74-ADB8-88CDFE3A327C}.AppStore|ARM.ActiveCfg = Release|Any CPU
		{71282395-2D02-4E74-ADB8-88CDFE3A327C}.AppStore|ARM.Build.0 = Release|Any CPU
		{71282395-2D02-4E74-ADB8-88CDFE3A327C}.AppStore|iPhone.ActiveCfg = Release|Any CPU
		{71282395-2D02-4E74-ADB8-88CDFE3A327C}.AppStore|iPhone.Build.0 = Release|Any CPU
		{71282395-2D02-4E74-ADB8-88CDFE3A327C}.AppStore|iPhoneSimulator.ActiveCfg = Release|Any CPU
		{71282395-2D02-4E74-ADB8-88CDFE3A327C}.AppStore|iPhoneSimulator.Build.0 = Release|Any CPU
		{71282395-2D02-4E74-ADB8-88CDFE3A327C}.AppStore|x64.ActiveCfg = Release|Any CPU
		{71282395-2D02-4E74-ADB8-88CDFE3A327C}.AppStore|x64.Build.0 = Release|Any CPU
		{71282395-2D02-4E74-ADB8-88CDFE3A327C}.AppStore|x86.ActiveCfg = Release|Any CPU
		{71282395-2D02-4E74-ADB8-88CDFE3A327C}.AppStore|x86.Build.0 = Release|Any CPU
		{71282395-2D02-4E74-ADB8-88CDFE3A327C}.Debug|Any CPU.ActiveCfg = Debug|Any CPU
		{71282395-2D02-4E74-ADB8-88CDFE3A327C}.Debug|Any CPU.Build.0 = Debug|Any CPU
		{71282395-2D02-4E74-ADB8-88CDFE3A327C}.Debug|ARM.ActiveCfg = Debug|Any CPU
		{71282395-2D02-4E74-ADB8-88CDFE3A327C}.Debug|ARM.Build.0 = Debug|Any CPU
		{71282395-2D02-4E74-ADB8-88CDFE3A327C}.Debug|iPhone.ActiveCfg = Debug|Any CPU
		{71282395-2D02-4E74-ADB8-88CDFE3A327C}.Debug|iPhone.Build.0 = Debug|Any CPU
		{71282395-2D02-4E74-ADB8-88CDFE3A327C}.Debug|iPhoneSimulator.ActiveCfg = Debug|Any CPU
		{71282395-2D02-4E74-ADB8-88CDFE3A327C}.Debug|iPhoneSimulator.Build.0 = Debug|Any CPU
		{71282395-2D02-4E74-ADB8-88CDFE3A327C}.Debug|x64.ActiveCfg = Debug|Any CPU
		{71282395-2D02-4E74-ADB8-88CDFE3A327C}.Debug|x64.Build.0 = Debug|Any CPU
		{71282395-2D02-4E74-ADB8-88CDFE3A327C}.Debug|x86.ActiveCfg = Debug|Any CPU
		{71282395-2D02-4E74-ADB8-88CDFE3A327C}.Debug|x86.Build.0 = Debug|Any CPU
		{71282395-2D02-4E74-ADB8-88CDFE3A327C}.Release|Any CPU.ActiveCfg = Release|Any CPU
		{71282395-2D02-4E74-ADB8-88CDFE3A327C}.Release|Any CPU.Build.0 = Release|Any CPU
		{71282395-2D02-4E74-ADB8-88CDFE3A327C}.Release|ARM.ActiveCfg = Release|Any CPU
		{71282395-2D02-4E74-ADB8-88CDFE3A327C}.Release|ARM.Build.0 = Release|Any CPU
		{71282395-2D02-4E74-ADB8-88CDFE3A327C}.Release|iPhone.ActiveCfg = Release|Any CPU
		{71282395-2D02-4E74-ADB8-88CDFE3A327C}.Release|iPhone.Build.0 = Release|Any CPU
		{71282395-2D02-4E74-ADB8-88CDFE3A327C}.Release|iPhoneSimulator.ActiveCfg = Release|Any CPU
		{71282395-2D02-4E74-ADB8-88CDFE3A327C}.Release|iPhoneSimulator.Build.0 = Release|Any CPU
		{71282395-2D02-4E74-ADB8-88CDFE3A327C}.Release|x64.ActiveCfg = Release|Any CPU
		{71282395-2D02-4E74-ADB8-88CDFE3A327C}.Release|x64.Build.0 = Release|Any CPU
		{71282395-2D02-4E74-ADB8-88CDFE3A327C}.Release|x86.ActiveCfg = Release|Any CPU
		{71282395-2D02-4E74-ADB8-88CDFE3A327C}.Release|x86.Build.0 = Release|Any CPU
		{F028F2B3-BA77-4CC7-904D-8AF228D32524}.Ad-Hoc|Any CPU.ActiveCfg = Release|Any CPU
		{F028F2B3-BA77-4CC7-904D-8AF228D32524}.Ad-Hoc|Any CPU.Build.0 = Release|Any CPU
		{F028F2B3-BA77-4CC7-904D-8AF228D32524}.Ad-Hoc|ARM.ActiveCfg = Release|Any CPU
		{F028F2B3-BA77-4CC7-904D-8AF228D32524}.Ad-Hoc|ARM.Build.0 = Release|Any CPU
		{F028F2B3-BA77-4CC7-904D-8AF228D32524}.Ad-Hoc|iPhone.ActiveCfg = Release|Any CPU
		{F028F2B3-BA77-4CC7-904D-8AF228D32524}.Ad-Hoc|iPhone.Build.0 = Release|Any CPU
		{F028F2B3-BA77-4CC7-904D-8AF228D32524}.Ad-Hoc|iPhoneSimulator.ActiveCfg = Release|Any CPU
		{F028F2B3-BA77-4CC7-904D-8AF228D32524}.Ad-Hoc|iPhoneSimulator.Build.0 = Release|Any CPU
		{F028F2B3-BA77-4CC7-904D-8AF228D32524}.Ad-Hoc|x64.ActiveCfg = Release|Any CPU
		{F028F2B3-BA77-4CC7-904D-8AF228D32524}.Ad-Hoc|x64.Build.0 = Release|Any CPU
		{F028F2B3-BA77-4CC7-904D-8AF228D32524}.Ad-Hoc|x86.ActiveCfg = Release|Any CPU
		{F028F2B3-BA77-4CC7-904D-8AF228D32524}.Ad-Hoc|x86.Build.0 = Release|Any CPU
		{F028F2B3-BA77-4CC7-904D-8AF228D32524}.AppStore|Any CPU.ActiveCfg = Release|Any CPU
		{F028F2B3-BA77-4CC7-904D-8AF228D32524}.AppStore|Any CPU.Build.0 = Release|Any CPU
		{F028F2B3-BA77-4CC7-904D-8AF228D32524}.AppStore|ARM.ActiveCfg = Release|Any CPU
		{F028F2B3-BA77-4CC7-904D-8AF228D32524}.AppStore|ARM.Build.0 = Release|Any CPU
		{F028F2B3-BA77-4CC7-904D-8AF228D32524}.AppStore|iPhone.ActiveCfg = Release|Any CPU
		{F028F2B3-BA77-4CC7-904D-8AF228D32524}.AppStore|iPhone.Build.0 = Release|Any CPU
		{F028F2B3-BA77-4CC7-904D-8AF228D32524}.AppStore|iPhoneSimulator.ActiveCfg = Release|Any CPU
		{F028F2B3-BA77-4CC7-904D-8AF228D32524}.AppStore|iPhoneSimulator.Build.0 = Release|Any CPU
		{F028F2B3-BA77-4CC7-904D-8AF228D32524}.AppStore|x64.ActiveCfg = Release|Any CPU
		{F028F2B3-BA77-4CC7-904D-8AF228D32524}.AppStore|x64.Build.0 = Release|Any CPU
		{F028F2B3-BA77-4CC7-904D-8AF228D32524}.AppStore|x86.ActiveCfg = Release|Any CPU
		{F028F2B3-BA77-4CC7-904D-8AF228D32524}.AppStore|x86.Build.0 = Release|Any CPU
		{F028F2B3-BA77-4CC7-904D-8AF228D32524}.Debug|Any CPU.ActiveCfg = Debug|Any CPU
		{F028F2B3-BA77-4CC7-904D-8AF228D32524}.Debug|Any CPU.Build.0 = Debug|Any CPU
		{F028F2B3-BA77-4CC7-904D-8AF228D32524}.Debug|ARM.ActiveCfg = Debug|Any CPU
		{F028F2B3-BA77-4CC7-904D-8AF228D32524}.Debug|ARM.Build.0 = Debug|Any CPU
		{F028F2B3-BA77-4CC7-904D-8AF228D32524}.Debug|iPhone.ActiveCfg = Debug|Any CPU
		{F028F2B3-BA77-4CC7-904D-8AF228D32524}.Debug|iPhone.Build.0 = Debug|Any CPU
		{F028F2B3-BA77-4CC7-904D-8AF228D32524}.Debug|iPhoneSimulator.ActiveCfg = Debug|Any CPU
		{F028F2B3-BA77-4CC7-904D-8AF228D32524}.Debug|iPhoneSimulator.Build.0 = Debug|Any CPU
		{F028F2B3-BA77-4CC7-904D-8AF228D32524}.Debug|x64.ActiveCfg = Debug|Any CPU
		{F028F2B3-BA77-4CC7-904D-8AF228D32524}.Debug|x64.Build.0 = Debug|Any CPU
		{F028F2B3-BA77-4CC7-904D-8AF228D32524}.Debug|x86.ActiveCfg = Debug|Any CPU
		{F028F2B3-BA77-4CC7-904D-8AF228D32524}.Debug|x86.Build.0 = Debug|Any CPU
		{F028F2B3-BA77-4CC7-904D-8AF228D32524}.Release|Any CPU.ActiveCfg = Release|Any CPU
		{F028F2B3-BA77-4CC7-904D-8AF228D32524}.Release|Any CPU.Build.0 = Release|Any CPU
		{F028F2B3-BA77-4CC7-904D-8AF228D32524}.Release|ARM.ActiveCfg = Release|Any CPU
		{F028F2B3-BA77-4CC7-904D-8AF228D32524}.Release|ARM.Build.0 = Release|Any CPU
		{F028F2B3-BA77-4CC7-904D-8AF228D32524}.Release|iPhone.ActiveCfg = Release|Any CPU
		{F028F2B3-BA77-4CC7-904D-8AF228D32524}.Release|iPhone.Build.0 = Release|Any CPU
		{F028F2B3-BA77-4CC7-904D-8AF228D32524}.Release|iPhoneSimulator.ActiveCfg = Release|Any CPU
		{F028F2B3-BA77-4CC7-904D-8AF228D32524}.Release|iPhoneSimulator.Build.0 = Release|Any CPU
		{F028F2B3-BA77-4CC7-904D-8AF228D32524}.Release|x64.ActiveCfg = Release|Any CPU
		{F028F2B3-BA77-4CC7-904D-8AF228D32524}.Release|x64.Build.0 = Release|Any CPU
		{F028F2B3-BA77-4CC7-904D-8AF228D32524}.Release|x86.ActiveCfg = Release|Any CPU
		{F028F2B3-BA77-4CC7-904D-8AF228D32524}.Release|x86.Build.0 = Release|Any CPU
		{35B5604C-FD36-4F3D-AA52-5AAF6035D8CF}.Ad-Hoc|Any CPU.ActiveCfg = Release|Any CPU
		{35B5604C-FD36-4F3D-AA52-5AAF6035D8CF}.Ad-Hoc|Any CPU.Build.0 = Release|Any CPU
		{35B5604C-FD36-4F3D-AA52-5AAF6035D8CF}.Ad-Hoc|ARM.ActiveCfg = Release|Any CPU
		{35B5604C-FD36-4F3D-AA52-5AAF6035D8CF}.Ad-Hoc|ARM.Build.0 = Release|Any CPU
		{35B5604C-FD36-4F3D-AA52-5AAF6035D8CF}.Ad-Hoc|iPhone.ActiveCfg = Release|Any CPU
		{35B5604C-FD36-4F3D-AA52-5AAF6035D8CF}.Ad-Hoc|iPhone.Build.0 = Release|Any CPU
		{35B5604C-FD36-4F3D-AA52-5AAF6035D8CF}.Ad-Hoc|iPhoneSimulator.ActiveCfg = Release|Any CPU
		{35B5604C-FD36-4F3D-AA52-5AAF6035D8CF}.Ad-Hoc|iPhoneSimulator.Build.0 = Release|Any CPU
		{35B5604C-FD36-4F3D-AA52-5AAF6035D8CF}.Ad-Hoc|x64.ActiveCfg = Release|Any CPU
		{35B5604C-FD36-4F3D-AA52-5AAF6035D8CF}.Ad-Hoc|x64.Build.0 = Release|Any CPU
		{35B5604C-FD36-4F3D-AA52-5AAF6035D8CF}.Ad-Hoc|x86.ActiveCfg = Release|Any CPU
		{35B5604C-FD36-4F3D-AA52-5AAF6035D8CF}.Ad-Hoc|x86.Build.0 = Release|Any CPU
		{35B5604C-FD36-4F3D-AA52-5AAF6035D8CF}.AppStore|Any CPU.ActiveCfg = Release|Any CPU
		{35B5604C-FD36-4F3D-AA52-5AAF6035D8CF}.AppStore|Any CPU.Build.0 = Release|Any CPU
		{35B5604C-FD36-4F3D-AA52-5AAF6035D8CF}.AppStore|ARM.ActiveCfg = Release|Any CPU
		{35B5604C-FD36-4F3D-AA52-5AAF6035D8CF}.AppStore|ARM.Build.0 = Release|Any CPU
		{35B5604C-FD36-4F3D-AA52-5AAF6035D8CF}.AppStore|iPhone.ActiveCfg = Release|Any CPU
		{35B5604C-FD36-4F3D-AA52-5AAF6035D8CF}.AppStore|iPhone.Build.0 = Release|Any CPU
		{35B5604C-FD36-4F3D-AA52-5AAF6035D8CF}.AppStore|iPhoneSimulator.ActiveCfg = Release|Any CPU
		{35B5604C-FD36-4F3D-AA52-5AAF6035D8CF}.AppStore|iPhoneSimulator.Build.0 = Release|Any CPU
		{35B5604C-FD36-4F3D-AA52-5AAF6035D8CF}.AppStore|x64.ActiveCfg = Release|Any CPU
		{35B5604C-FD36-4F3D-AA52-5AAF6035D8CF}.AppStore|x64.Build.0 = Release|Any CPU
		{35B5604C-FD36-4F3D-AA52-5AAF6035D8CF}.AppStore|x86.ActiveCfg = Release|Any CPU
		{35B5604C-FD36-4F3D-AA52-5AAF6035D8CF}.AppStore|x86.Build.0 = Release|Any CPU
		{35B5604C-FD36-4F3D-AA52-5AAF6035D8CF}.Debug|Any CPU.ActiveCfg = Debug|Any CPU
		{35B5604C-FD36-4F3D-AA52-5AAF6035D8CF}.Debug|Any CPU.Build.0 = Debug|Any CPU
		{35B5604C-FD36-4F3D-AA52-5AAF6035D8CF}.Debug|ARM.ActiveCfg = Debug|Any CPU
		{35B5604C-FD36-4F3D-AA52-5AAF6035D8CF}.Debug|ARM.Build.0 = Debug|Any CPU
		{35B5604C-FD36-4F3D-AA52-5AAF6035D8CF}.Debug|iPhone.ActiveCfg = Debug|Any CPU
		{35B5604C-FD36-4F3D-AA52-5AAF6035D8CF}.Debug|iPhone.Build.0 = Debug|Any CPU
		{35B5604C-FD36-4F3D-AA52-5AAF6035D8CF}.Debug|iPhoneSimulator.ActiveCfg = Debug|Any CPU
		{35B5604C-FD36-4F3D-AA52-5AAF6035D8CF}.Debug|iPhoneSimulator.Build.0 = Debug|Any CPU
		{35B5604C-FD36-4F3D-AA52-5AAF6035D8CF}.Debug|x64.ActiveCfg = Debug|Any CPU
		{35B5604C-FD36-4F3D-AA52-5AAF6035D8CF}.Debug|x64.Build.0 = Debug|Any CPU
		{35B5604C-FD36-4F3D-AA52-5AAF6035D8CF}.Debug|x86.ActiveCfg = Debug|Any CPU
		{35B5604C-FD36-4F3D-AA52-5AAF6035D8CF}.Debug|x86.Build.0 = Debug|Any CPU
		{35B5604C-FD36-4F3D-AA52-5AAF6035D8CF}.Release|Any CPU.ActiveCfg = Release|Any CPU
		{35B5604C-FD36-4F3D-AA52-5AAF6035D8CF}.Release|Any CPU.Build.0 = Release|Any CPU
		{35B5604C-FD36-4F3D-AA52-5AAF6035D8CF}.Release|ARM.ActiveCfg = Release|Any CPU
		{35B5604C-FD36-4F3D-AA52-5AAF6035D8CF}.Release|ARM.Build.0 = Release|Any CPU
		{35B5604C-FD36-4F3D-AA52-5AAF6035D8CF}.Release|iPhone.ActiveCfg = Release|Any CPU
		{35B5604C-FD36-4F3D-AA52-5AAF6035D8CF}.Release|iPhone.Build.0 = Release|Any CPU
		{35B5604C-FD36-4F3D-AA52-5AAF6035D8CF}.Release|iPhoneSimulator.ActiveCfg = Release|Any CPU
		{35B5604C-FD36-4F3D-AA52-5AAF6035D8CF}.Release|iPhoneSimulator.Build.0 = Release|Any CPU
		{35B5604C-FD36-4F3D-AA52-5AAF6035D8CF}.Release|x64.ActiveCfg = Release|Any CPU
		{35B5604C-FD36-4F3D-AA52-5AAF6035D8CF}.Release|x64.Build.0 = Release|Any CPU
		{35B5604C-FD36-4F3D-AA52-5AAF6035D8CF}.Release|x86.ActiveCfg = Release|Any CPU
		{35B5604C-FD36-4F3D-AA52-5AAF6035D8CF}.Release|x86.Build.0 = Release|Any CPU
		{079A401E-8866-425C-8DAA-C409A383209D}.Ad-Hoc|Any CPU.ActiveCfg = Release|Any CPU
		{079A401E-8866-425C-8DAA-C409A383209D}.Ad-Hoc|Any CPU.Build.0 = Release|Any CPU
		{079A401E-8866-425C-8DAA-C409A383209D}.Ad-Hoc|ARM.ActiveCfg = Release|Any CPU
		{079A401E-8866-425C-8DAA-C409A383209D}.Ad-Hoc|ARM.Build.0 = Release|Any CPU
		{079A401E-8866-425C-8DAA-C409A383209D}.Ad-Hoc|iPhone.ActiveCfg = Release|Any CPU
		{079A401E-8866-425C-8DAA-C409A383209D}.Ad-Hoc|iPhone.Build.0 = Release|Any CPU
		{079A401E-8866-425C-8DAA-C409A383209D}.Ad-Hoc|iPhoneSimulator.ActiveCfg = Release|Any CPU
		{079A401E-8866-425C-8DAA-C409A383209D}.Ad-Hoc|iPhoneSimulator.Build.0 = Release|Any CPU
		{079A401E-8866-425C-8DAA-C409A383209D}.Ad-Hoc|x64.ActiveCfg = Release|Any CPU
		{079A401E-8866-425C-8DAA-C409A383209D}.Ad-Hoc|x64.Build.0 = Release|Any CPU
		{079A401E-8866-425C-8DAA-C409A383209D}.Ad-Hoc|x86.ActiveCfg = Release|Any CPU
		{079A401E-8866-425C-8DAA-C409A383209D}.Ad-Hoc|x86.Build.0 = Release|Any CPU
		{079A401E-8866-425C-8DAA-C409A383209D}.AppStore|Any CPU.ActiveCfg = Release|Any CPU
		{079A401E-8866-425C-8DAA-C409A383209D}.AppStore|Any CPU.Build.0 = Release|Any CPU
		{079A401E-8866-425C-8DAA-C409A383209D}.AppStore|ARM.ActiveCfg = Release|Any CPU
		{079A401E-8866-425C-8DAA-C409A383209D}.AppStore|ARM.Build.0 = Release|Any CPU
		{079A401E-8866-425C-8DAA-C409A383209D}.AppStore|iPhone.ActiveCfg = Release|Any CPU
		{079A401E-8866-425C-8DAA-C409A383209D}.AppStore|iPhone.Build.0 = Release|Any CPU
		{079A401E-8866-425C-8DAA-C409A383209D}.AppStore|iPhoneSimulator.ActiveCfg = Release|Any CPU
		{079A401E-8866-425C-8DAA-C409A383209D}.AppStore|iPhoneSimulator.Build.0 = Release|Any CPU
		{079A401E-8866-425C-8DAA-C409A383209D}.AppStore|x64.ActiveCfg = Release|Any CPU
		{079A401E-8866-425C-8DAA-C409A383209D}.AppStore|x64.Build.0 = Release|Any CPU
		{079A401E-8866-425C-8DAA-C409A383209D}.AppStore|x86.ActiveCfg = Release|Any CPU
		{079A401E-8866-425C-8DAA-C409A383209D}.AppStore|x86.Build.0 = Release|Any CPU
		{079A401E-8866-425C-8DAA-C409A383209D}.Debug|Any CPU.ActiveCfg = Debug|Any CPU
		{079A401E-8866-425C-8DAA-C409A383209D}.Debug|Any CPU.Build.0 = Debug|Any CPU
		{079A401E-8866-425C-8DAA-C409A383209D}.Debug|ARM.ActiveCfg = Debug|Any CPU
		{079A401E-8866-425C-8DAA-C409A383209D}.Debug|ARM.Build.0 = Debug|Any CPU
		{079A401E-8866-425C-8DAA-C409A383209D}.Debug|iPhone.ActiveCfg = Debug|Any CPU
		{079A401E-8866-425C-8DAA-C409A383209D}.Debug|iPhone.Build.0 = Debug|Any CPU
		{079A401E-8866-425C-8DAA-C409A383209D}.Debug|iPhoneSimulator.ActiveCfg = Debug|Any CPU
		{079A401E-8866-425C-8DAA-C409A383209D}.Debug|iPhoneSimulator.Build.0 = Debug|Any CPU
		{079A401E-8866-425C-8DAA-C409A383209D}.Debug|x64.ActiveCfg = Debug|Any CPU
		{079A401E-8866-425C-8DAA-C409A383209D}.Debug|x64.Build.0 = Debug|Any CPU
		{079A401E-8866-425C-8DAA-C409A383209D}.Debug|x86.ActiveCfg = Debug|Any CPU
		{079A401E-8866-425C-8DAA-C409A383209D}.Debug|x86.Build.0 = Debug|Any CPU
		{079A401E-8866-425C-8DAA-C409A383209D}.Release|Any CPU.ActiveCfg = Release|Any CPU
		{079A401E-8866-425C-8DAA-C409A383209D}.Release|Any CPU.Build.0 = Release|Any CPU
		{079A401E-8866-425C-8DAA-C409A383209D}.Release|ARM.ActiveCfg = Release|Any CPU
		{079A401E-8866-425C-8DAA-C409A383209D}.Release|ARM.Build.0 = Release|Any CPU
		{079A401E-8866-425C-8DAA-C409A383209D}.Release|iPhone.ActiveCfg = Release|Any CPU
		{079A401E-8866-425C-8DAA-C409A383209D}.Release|iPhone.Build.0 = Release|Any CPU
		{079A401E-8866-425C-8DAA-C409A383209D}.Release|iPhoneSimulator.ActiveCfg = Release|Any CPU
		{079A401E-8866-425C-8DAA-C409A383209D}.Release|iPhoneSimulator.Build.0 = Release|Any CPU
		{079A401E-8866-425C-8DAA-C409A383209D}.Release|x64.ActiveCfg = Release|Any CPU
		{079A401E-8866-425C-8DAA-C409A383209D}.Release|x64.Build.0 = Release|Any CPU
		{079A401E-8866-425C-8DAA-C409A383209D}.Release|x86.ActiveCfg = Release|Any CPU
		{079A401E-8866-425C-8DAA-C409A383209D}.Release|x86.Build.0 = Release|Any CPU
		{D708D317-7877-4E65-929F-1E89F6CA83A2}.Ad-Hoc|Any CPU.ActiveCfg = Release|Any CPU
		{D708D317-7877-4E65-929F-1E89F6CA83A2}.Ad-Hoc|Any CPU.Build.0 = Release|Any CPU
		{D708D317-7877-4E65-929F-1E89F6CA83A2}.Ad-Hoc|ARM.ActiveCfg = Release|Any CPU
		{D708D317-7877-4E65-929F-1E89F6CA83A2}.Ad-Hoc|ARM.Build.0 = Release|Any CPU
		{D708D317-7877-4E65-929F-1E89F6CA83A2}.Ad-Hoc|iPhone.ActiveCfg = Release|Any CPU
		{D708D317-7877-4E65-929F-1E89F6CA83A2}.Ad-Hoc|iPhone.Build.0 = Release|Any CPU
		{D708D317-7877-4E65-929F-1E89F6CA83A2}.Ad-Hoc|iPhoneSimulator.ActiveCfg = Release|Any CPU
		{D708D317-7877-4E65-929F-1E89F6CA83A2}.Ad-Hoc|iPhoneSimulator.Build.0 = Release|Any CPU
		{D708D317-7877-4E65-929F-1E89F6CA83A2}.Ad-Hoc|x64.ActiveCfg = Release|Any CPU
		{D708D317-7877-4E65-929F-1E89F6CA83A2}.Ad-Hoc|x64.Build.0 = Release|Any CPU
		{D708D317-7877-4E65-929F-1E89F6CA83A2}.Ad-Hoc|x86.ActiveCfg = Release|Any CPU
		{D708D317-7877-4E65-929F-1E89F6CA83A2}.Ad-Hoc|x86.Build.0 = Release|Any CPU
		{D708D317-7877-4E65-929F-1E89F6CA83A2}.AppStore|Any CPU.ActiveCfg = Release|Any CPU
		{D708D317-7877-4E65-929F-1E89F6CA83A2}.AppStore|Any CPU.Build.0 = Release|Any CPU
		{D708D317-7877-4E65-929F-1E89F6CA83A2}.AppStore|ARM.ActiveCfg = Release|Any CPU
		{D708D317-7877-4E65-929F-1E89F6CA83A2}.AppStore|ARM.Build.0 = Release|Any CPU
		{D708D317-7877-4E65-929F-1E89F6CA83A2}.AppStore|iPhone.ActiveCfg = Release|Any CPU
		{D708D317-7877-4E65-929F-1E89F6CA83A2}.AppStore|iPhone.Build.0 = Release|Any CPU
		{D708D317-7877-4E65-929F-1E89F6CA83A2}.AppStore|iPhoneSimulator.ActiveCfg = Release|Any CPU
		{D708D317-7877-4E65-929F-1E89F6CA83A2}.AppStore|iPhoneSimulator.Build.0 = Release|Any CPU
		{D708D317-7877-4E65-929F-1E89F6CA83A2}.AppStore|x64.ActiveCfg = Release|Any CPU
		{D708D317-7877-4E65-929F-1E89F6CA83A2}.AppStore|x64.Build.0 = Release|Any CPU
		{D708D317-7877-4E65-929F-1E89F6CA83A2}.AppStore|x86.ActiveCfg = Release|Any CPU
		{D708D317-7877-4E65-929F-1E89F6CA83A2}.AppStore|x86.Build.0 = Release|Any CPU
		{D708D317-7877-4E65-929F-1E89F6CA83A2}.Debug|Any CPU.ActiveCfg = Debug|Any CPU
		{D708D317-7877-4E65-929F-1E89F6CA83A2}.Debug|Any CPU.Build.0 = Debug|Any CPU
		{D708D317-7877-4E65-929F-1E89F6CA83A2}.Debug|ARM.ActiveCfg = Debug|Any CPU
		{D708D317-7877-4E65-929F-1E89F6CA83A2}.Debug|ARM.Build.0 = Debug|Any CPU
		{D708D317-7877-4E65-929F-1E89F6CA83A2}.Debug|iPhone.ActiveCfg = Debug|Any CPU
		{D708D317-7877-4E65-929F-1E89F6CA83A2}.Debug|iPhone.Build.0 = Debug|Any CPU
		{D708D317-7877-4E65-929F-1E89F6CA83A2}.Debug|iPhoneSimulator.ActiveCfg = Debug|Any CPU
		{D708D317-7877-4E65-929F-1E89F6CA83A2}.Debug|iPhoneSimulator.Build.0 = Debug|Any CPU
		{D708D317-7877-4E65-929F-1E89F6CA83A2}.Debug|x64.ActiveCfg = Debug|Any CPU
		{D708D317-7877-4E65-929F-1E89F6CA83A2}.Debug|x64.Build.0 = Debug|Any CPU
		{D708D317-7877-4E65-929F-1E89F6CA83A2}.Debug|x86.ActiveCfg = Debug|Any CPU
		{D708D317-7877-4E65-929F-1E89F6CA83A2}.Debug|x86.Build.0 = Debug|Any CPU
		{D708D317-7877-4E65-929F-1E89F6CA83A2}.Release|Any CPU.ActiveCfg = Release|Any CPU
		{D708D317-7877-4E65-929F-1E89F6CA83A2}.Release|Any CPU.Build.0 = Release|Any CPU
		{D708D317-7877-4E65-929F-1E89F6CA83A2}.Release|ARM.ActiveCfg = Release|Any CPU
		{D708D317-7877-4E65-929F-1E89F6CA83A2}.Release|ARM.Build.0 = Release|Any CPU
		{D708D317-7877-4E65-929F-1E89F6CA83A2}.Release|iPhone.ActiveCfg = Release|Any CPU
		{D708D317-7877-4E65-929F-1E89F6CA83A2}.Release|iPhone.Build.0 = Release|Any CPU
		{D708D317-7877-4E65-929F-1E89F6CA83A2}.Release|iPhoneSimulator.ActiveCfg = Release|Any CPU
		{D708D317-7877-4E65-929F-1E89F6CA83A2}.Release|iPhoneSimulator.Build.0 = Release|Any CPU
		{D708D317-7877-4E65-929F-1E89F6CA83A2}.Release|x64.ActiveCfg = Release|Any CPU
		{D708D317-7877-4E65-929F-1E89F6CA83A2}.Release|x64.Build.0 = Release|Any CPU
		{D708D317-7877-4E65-929F-1E89F6CA83A2}.Release|x86.ActiveCfg = Release|Any CPU
		{D708D317-7877-4E65-929F-1E89F6CA83A2}.Release|x86.Build.0 = Release|Any CPU
		{9C6EF90E-0FEE-4DA5-AFFA-B96ECF6D2A6F}.Ad-Hoc|Any CPU.ActiveCfg = Release|Any CPU
		{9C6EF90E-0FEE-4DA5-AFFA-B96ECF6D2A6F}.Ad-Hoc|Any CPU.Build.0 = Release|Any CPU
		{9C6EF90E-0FEE-4DA5-AFFA-B96ECF6D2A6F}.Ad-Hoc|ARM.ActiveCfg = Release|Any CPU
		{9C6EF90E-0FEE-4DA5-AFFA-B96ECF6D2A6F}.Ad-Hoc|ARM.Build.0 = Release|Any CPU
		{9C6EF90E-0FEE-4DA5-AFFA-B96ECF6D2A6F}.Ad-Hoc|iPhone.ActiveCfg = Release|Any CPU
		{9C6EF90E-0FEE-4DA5-AFFA-B96ECF6D2A6F}.Ad-Hoc|iPhone.Build.0 = Release|Any CPU
		{9C6EF90E-0FEE-4DA5-AFFA-B96ECF6D2A6F}.Ad-Hoc|iPhoneSimulator.ActiveCfg = Release|Any CPU
		{9C6EF90E-0FEE-4DA5-AFFA-B96ECF6D2A6F}.Ad-Hoc|iPhoneSimulator.Build.0 = Release|Any CPU
		{9C6EF90E-0FEE-4DA5-AFFA-B96ECF6D2A6F}.Ad-Hoc|x64.ActiveCfg = Release|Any CPU
		{9C6EF90E-0FEE-4DA5-AFFA-B96ECF6D2A6F}.Ad-Hoc|x64.Build.0 = Release|Any CPU
		{9C6EF90E-0FEE-4DA5-AFFA-B96ECF6D2A6F}.Ad-Hoc|x86.ActiveCfg = Release|Any CPU
		{9C6EF90E-0FEE-4DA5-AFFA-B96ECF6D2A6F}.Ad-Hoc|x86.Build.0 = Release|Any CPU
		{9C6EF90E-0FEE-4DA5-AFFA-B96ECF6D2A6F}.AppStore|Any CPU.ActiveCfg = Release|Any CPU
		{9C6EF90E-0FEE-4DA5-AFFA-B96ECF6D2A6F}.AppStore|Any CPU.Build.0 = Release|Any CPU
		{9C6EF90E-0FEE-4DA5-AFFA-B96ECF6D2A6F}.AppStore|ARM.ActiveCfg = Release|Any CPU
		{9C6EF90E-0FEE-4DA5-AFFA-B96ECF6D2A6F}.AppStore|ARM.Build.0 = Release|Any CPU
		{9C6EF90E-0FEE-4DA5-AFFA-B96ECF6D2A6F}.AppStore|iPhone.ActiveCfg = Release|Any CPU
		{9C6EF90E-0FEE-4DA5-AFFA-B96ECF6D2A6F}.AppStore|iPhone.Build.0 = Release|Any CPU
		{9C6EF90E-0FEE-4DA5-AFFA-B96ECF6D2A6F}.AppStore|iPhoneSimulator.ActiveCfg = Release|Any CPU
		{9C6EF90E-0FEE-4DA5-AFFA-B96ECF6D2A6F}.AppStore|iPhoneSimulator.Build.0 = Release|Any CPU
		{9C6EF90E-0FEE-4DA5-AFFA-B96ECF6D2A6F}.AppStore|x64.ActiveCfg = Release|Any CPU
		{9C6EF90E-0FEE-4DA5-AFFA-B96ECF6D2A6F}.AppStore|x64.Build.0 = Release|Any CPU
		{9C6EF90E-0FEE-4DA5-AFFA-B96ECF6D2A6F}.AppStore|x86.ActiveCfg = Release|Any CPU
		{9C6EF90E-0FEE-4DA5-AFFA-B96ECF6D2A6F}.AppStore|x86.Build.0 = Release|Any CPU
		{9C6EF90E-0FEE-4DA5-AFFA-B96ECF6D2A6F}.Debug|Any CPU.ActiveCfg = Debug|Any CPU
		{9C6EF90E-0FEE-4DA5-AFFA-B96ECF6D2A6F}.Debug|Any CPU.Build.0 = Debug|Any CPU
		{9C6EF90E-0FEE-4DA5-AFFA-B96ECF6D2A6F}.Debug|ARM.ActiveCfg = Debug|Any CPU
		{9C6EF90E-0FEE-4DA5-AFFA-B96ECF6D2A6F}.Debug|ARM.Build.0 = Debug|Any CPU
		{9C6EF90E-0FEE-4DA5-AFFA-B96ECF6D2A6F}.Debug|iPhone.ActiveCfg = Debug|Any CPU
		{9C6EF90E-0FEE-4DA5-AFFA-B96ECF6D2A6F}.Debug|iPhone.Build.0 = Debug|Any CPU
		{9C6EF90E-0FEE-4DA5-AFFA-B96ECF6D2A6F}.Debug|iPhoneSimulator.ActiveCfg = Debug|Any CPU
		{9C6EF90E-0FEE-4DA5-AFFA-B96ECF6D2A6F}.Debug|iPhoneSimulator.Build.0 = Debug|Any CPU
		{9C6EF90E-0FEE-4DA5-AFFA-B96ECF6D2A6F}.Debug|x64.ActiveCfg = Debug|Any CPU
		{9C6EF90E-0FEE-4DA5-AFFA-B96ECF6D2A6F}.Debug|x64.Build.0 = Debug|Any CPU
		{9C6EF90E-0FEE-4DA5-AFFA-B96ECF6D2A6F}.Debug|x86.ActiveCfg = Debug|Any CPU
		{9C6EF90E-0FEE-4DA5-AFFA-B96ECF6D2A6F}.Debug|x86.Build.0 = Debug|Any CPU
		{9C6EF90E-0FEE-4DA5-AFFA-B96ECF6D2A6F}.Release|Any CPU.ActiveCfg = Release|Any CPU
		{9C6EF90E-0FEE-4DA5-AFFA-B96ECF6D2A6F}.Release|Any CPU.Build.0 = Release|Any CPU
		{9C6EF90E-0FEE-4DA5-AFFA-B96ECF6D2A6F}.Release|ARM.ActiveCfg = Release|Any CPU
		{9C6EF90E-0FEE-4DA5-AFFA-B96ECF6D2A6F}.Release|ARM.Build.0 = Release|Any CPU
		{9C6EF90E-0FEE-4DA5-AFFA-B96ECF6D2A6F}.Release|iPhone.ActiveCfg = Release|Any CPU
		{9C6EF90E-0FEE-4DA5-AFFA-B96ECF6D2A6F}.Release|iPhone.Build.0 = Release|Any CPU
		{9C6EF90E-0FEE-4DA5-AFFA-B96ECF6D2A6F}.Release|iPhoneSimulator.ActiveCfg = Release|Any CPU
		{9C6EF90E-0FEE-4DA5-AFFA-B96ECF6D2A6F}.Release|iPhoneSimulator.Build.0 = Release|Any CPU
		{9C6EF90E-0FEE-4DA5-AFFA-B96ECF6D2A6F}.Release|x64.ActiveCfg = Release|Any CPU
		{9C6EF90E-0FEE-4DA5-AFFA-B96ECF6D2A6F}.Release|x64.Build.0 = Release|Any CPU
		{9C6EF90E-0FEE-4DA5-AFFA-B96ECF6D2A6F}.Release|x86.ActiveCfg = Release|Any CPU
		{9C6EF90E-0FEE-4DA5-AFFA-B96ECF6D2A6F}.Release|x86.Build.0 = Release|Any CPU
	EndGlobalSection
	GlobalSection(SolutionProperties) = preSolution
		HideSolutionNode = FALSE
	EndGlobalSection
	GlobalSection(NestedProjects) = preSolution
		{71282395-2D02-4E74-ADB8-88CDFE3A327C} = {A30B7FA8-2F1C-425D-B84F-778B2D423E4D}
		{F028F2B3-BA77-4CC7-904D-8AF228D32524} = {E736542B-AE65-4575-A369-DBC49BCC20E6}
		{35B5604C-FD36-4F3D-AA52-5AAF6035D8CF} = {5FB47844-0E21-4875-B4C3-55F4B0262D13}
		{079A401E-8866-425C-8DAA-C409A383209D} = {A30B7FA8-2F1C-425D-B84F-778B2D423E4D}
		{D708D317-7877-4E65-929F-1E89F6CA83A2} = {A30B7FA8-2F1C-425D-B84F-778B2D423E4D}
	EndGlobalSection
	GlobalSection(ExtensibilityGlobals) = postSolution
		SolutionGuid = {27B530B8-C968-4C9F-A36D-EC93A9053AFA}
	EndGlobalSection
EndGlobal
