
Microsoft Visual Studio Solution File, Format Version 12.00
# Visual Studio 15
VisualStudioVersion = 15.0.27703.2047
MinimumVisualStudioVersion = 10.0.40219.1
Project("{FAE04EC0-301F-11D3-BF4B-00C04F79EFBC}") = "RemoteReceiver", "RemoteReceiver\RemoteReceiver.csproj", "{71282395-2D02-4E74-ADB8-88CDFE3A327C}"
EndProject
Global
	GlobalSection(SolutionConfigurationPlatforms) = preSolution
		Debug|Any CPU = Debug|Any CPU
		Release|Any CPU = Release|Any CPU
	EndGlobalSection
	GlobalSection(ProjectConfigurationPlatforms) = postSolution
		{71282395-2D02-4E74-ADB8-88CDFE3A327C}.Debug|Any CPU.ActiveCfg = Debug|Any CPU
		{71282395-2D02-4E74-ADB8-88CDFE3A327C}.Debug|Any CPU.Build.0 = Debug|Any CPU
		{71282395-2D02-4E74-ADB8-88CDFE3A327C}.Release|Any CPU.ActiveCfg = Release|Any CPU
		{71282395-2D02-4E74-ADB8-88CDFE3A327C}.Release|Any CPU.Build.0 = Release|Any CPU
	EndGlobalSection
	GlobalSection(SolutionProperties) = preSolution
		HideSolutionNode = FALSE
	EndGlobalSection
	GlobalSection(ExtensibilityGlobals) = postSolution
		SolutionGuid = {27B530B8-C968-4C9F-A36D-EC93A9053AFA}
	EndGlobalSection
EndGlobal
