
Microsoft Visual Studio Solution File, Format Version 12.00
# Visual Studio 15
VisualStudioVersion = 15.0.27703.2047
MinimumVisualStudioVersion = 10.0.40219.1
Project("{FAE04EC0-301F-11D3-BF4B-00C04F79EFBC}") = "RemoteReceiver", "RemoteReceiver\RemoteReceiver.csproj", "{71282395-2D02-4E74-ADB8-88CDFE3A327C}"
EndProject
Project("{9A19103F-16F7-4668-BE54-9A1E7A4F7556}") = "RemoteInterface", "RemoteInterface\RemoteInterface.csproj", "{F028F2B3-BA77-4CC7-904D-8AF228D32524}"
EndProject
Project("{FAE04EC0-301F-11D3-BF4B-00C04F79EFBC}") = "WebServerNetFramework", "WebServerNetFramework\WebServerNetFramework.csproj", "{35B5604C-FD36-4F3D-AA52-5AAF6035D8CF}"
EndProject
Project("{FAE04EC0-301F-11D3-BF4B-00C04F79EFBC}") = "WebServerNetCore", "WebServerNetCore\WebServerNetCore.csproj", "{55573268-FFAD-41F4-A45E-25B864127449}"
EndProject
Global
	GlobalSection(SolutionConfigurationPlatforms) = preSolution
		Ad-Hoc|Any CPU = Ad-Hoc|Any CPU
		Ad-Hoc|ARM = Ad-Hoc|ARM
		Ad-Hoc|iPhone = Ad-Hoc|iPhone
		Ad-Hoc|iPhoneSimulator = Ad-Hoc|iPhoneSimulator
		Ad-Hoc|x64 = Ad-Hoc|x64
		Ad-Hoc|x86 = Ad-Hoc|x86
		AppStore|Any CPU = AppStore|Any CPU
		AppStore|ARM = AppStore|ARM
		AppStore|iPhone = AppStore|iPhone
		AppStore|iPhoneSimulator = AppStore|iPhoneSimulator
		AppStore|x64 = AppStore|x64
		AppStore|x86 = AppStore|x86
		Debug|Any CPU = Debug|Any CPU
		Debug|ARM = Debug|ARM
		Debug|iPhone = Debug|iPhone
		Debug|iPhoneSimulator = Debug|iPhoneSimulator
		Debug|x64 = Debug|x64
		Debug|x86 = Debug|x86
		Release|Any CPU = Release|Any CPU
		Release|ARM = Release|ARM
		Release|iPhone = Release|iPhone
		Release|iPhoneSimulator = Release|iPhoneSimulator
		Release|x64 = Release|x64
		Release|x86 = Release|x86
	EndGlobalSection
	GlobalSection(ProjectConfigurationPlatforms) = postSolution
		{71282395-2D02-4E74-ADB8-88CDFE3A327C}.Ad-Hoc|Any CPU.ActiveCfg = Release|Any CPU
		{71282395-2D02-4E74-ADB8-88CDFE3A327C}.Ad-Hoc|Any CPU.Build.0 = Release|Any CPU
		{71282395-2D02-4E74-ADB8-88CDFE3A327C}.Ad-Hoc|ARM.ActiveCfg = Release|Any CPU
		{71282395-2D02-4E74-ADB8-88CDFE3A327C}.Ad-Hoc|ARM.Build.0 = Release|Any CPU
		{71282395-2D02-4E74-ADB8-88CDFE3A327C}.Ad-Hoc|iPhone.ActiveCfg = Release|Any CPU
		{71282395-2D02-4E74-ADB8-88CDFE3A327C}.Ad-Hoc|iPhone.Build.0 = Release|Any CPU
		{71282395-2D02-4E74-ADB8-88CDFE3A327C}.Ad-Hoc|iPhoneSimulator.ActiveCfg = Release|Any CPU
		{71282395-2D02-4E74-ADB8-88CDFE3A327C}.Ad-Hoc|iPhoneSimulator.Build.0 = Release|Any CPU
		{71282395-2D02-4E74-ADB8-88CDFE3A327C}.Ad-Hoc|x64.ActiveCfg = Release|Any CPU
		{71282395-2D02-4E74-ADB8-88CDFE3A327C}.Ad-Hoc|x64.Build.0 = Release|Any CPU
		{71282395-2D02-4E74-ADB8-88CDFE3A327C}.Ad-Hoc|x86.ActiveCfg = Release|Any CPU
		{71282395-2D02-4E74-ADB8-88CDFE3A327C}.Ad-Hoc|x86.Build.0 = Release|Any CPU
		{71282395-2D02-4E74-ADB8-88CDFE3A327C}.AppStore|Any CPU.ActiveCfg = Release|Any CPU
		{71282395-2D02-4E74-ADB8-88CDFE3A327C}.AppStore|Any CPU.Build.0 = Release|Any CPU
		{71282395-2D02-4E74-ADB8-88CDFE3A327C}.AppStore|ARM.ActiveCfg = Release|Any CPU
		{71282395-2D02-4E74-ADB8-88CDFE3A327C}.AppStore|ARM.Build.0 = Release|Any CPU
		{71282395-2D02-4E74-ADB8-88CDFE3A327C}.AppStore|iPhone.ActiveCfg = Release|Any CPU
		{71282395-2D02-4E74-ADB8-88CDFE3A327C}.AppStore|iPhone.Build.0 = Release|Any CPU
		{71282395-2D02-4E74-ADB8-88CDFE3A327C}.AppStore|iPhoneSimulator.ActiveCfg = Release|Any CPU
		{71282395-2D02-4E74-ADB8-88CDFE3A327C}.AppStore|iPhoneSimulator.Build.0 = Release|Any CPU
		{71282395-2D02-4E74-ADB8-88CDFE3A327C}.AppStore|x64.ActiveCfg = Release|Any CPU
		{71282395-2D02-4E74-ADB8-88CDFE3A327C}.AppStore|x64.Build.0 = Release|Any CPU
		{71282395-2D02-4E74-ADB8-88CDFE3A327C}.AppStore|x86.ActiveCfg = Release|Any CPU
		{71282395-2D02-4E74-ADB8-88CDFE3A327C}.AppStore|x86.Build.0 = Release|Any CPU
		{71282395-2D02-4E74-ADB8-88CDFE3A327C}.Debug|Any CPU.ActiveCfg = Debug|Any CPU
		{71282395-2D02-4E74-ADB8-88CDFE3A327C}.Debug|Any CPU.Build.0 = Debug|Any CPU
		{71282395-2D02-4E74-ADB8-88CDFE3A327C}.Debug|ARM.ActiveCfg = Debug|Any CPU
		{71282395-2D02-4E74-ADB8-88CDFE3A327C}.Debug|ARM.Build.0 = Debug|Any CPU
		{71282395-2D02-4E74-ADB8-88CDFE3A327C}.Debug|iPhone.ActiveCfg = Debug|Any CPU
		{71282395-2D02-4E74-ADB8-88CDFE3A327C}.Debug|iPhone.Build.0 = Debug|Any CPU
		{71282395-2D02-4E74-ADB8-88CDFE3A327C}.Debug|iPhoneSimulator.ActiveCfg = Debug|Any CPU
		{71282395-2D02-4E74-ADB8-88CDFE3A327C}.Debug|iPhoneSimulator.Build.0 = Debug|Any CPU
		{71282395-2D02-4E74-ADB8-88CDFE3A327C}.Debug|x64.ActiveCfg = Debug|Any CPU
		{71282395-2D02-4E74-ADB8-88CDFE3A327C}.Debug|x64.Build.0 = Debug|Any CPU
		{71282395-2D02-4E74-ADB8-88CDFE3A327C}.Debug|x86.ActiveCfg = Debug|Any CPU
		{71282395-2D02-4E74-ADB8-88CDFE3A327C}.Debug|x86.Build.0 = Debug|Any CPU
		{71282395-2D02-4E74-ADB8-88CDFE3A327C}.Release|Any CPU.ActiveCfg = Release|Any CPU
		{71282395-2D02-4E74-ADB8-88CDFE3A327C}.Release|Any CPU.Build.0 = Release|Any CPU
		{71282395-2D02-4E74-ADB8-88CDFE3A327C}.Release|ARM.ActiveCfg = Release|Any CPU
		{71282395-2D02-4E74-ADB8-88CDFE3A327C}.Release|ARM.Build.0 = Release|Any CPU
		{71282395-2D02-4E74-ADB8-88CDFE3A327C}.Release|iPhone.ActiveCfg = Release|Any CPU
		{71282395-2D02-4E74-ADB8-88CDFE3A327C}.Release|iPhone.Build.0 = Release|Any CPU
		{71282395-2D02-4E74-ADB8-88CDFE3A327C}.Release|iPhoneSimulator.ActiveCfg = Release|Any CPU
		{71282395-2D02-4E74-ADB8-88CDFE3A327C}.Release|iPhoneSimulator.Build.0 = Release|Any CPU
		{71282395-2D02-4E74-ADB8-88CDFE3A327C}.Release|x64.ActiveCfg = Release|Any CPU
		{71282395-2D02-4E74-ADB8-88CDFE3A327C}.Release|x64.Build.0 = Release|Any CPU
		{71282395-2D02-4E74-ADB8-88CDFE3A327C}.Release|x86.ActiveCfg = Release|Any CPU
		{71282395-2D02-4E74-ADB8-88CDFE3A327C}.Release|x86.Build.0 = Release|Any CPU
		{F028F2B3-BA77-4CC7-904D-8AF228D32524}.Ad-Hoc|Any CPU.ActiveCfg = Release|Any CPU
		{F028F2B3-BA77-4CC7-904D-8AF228D32524}.Ad-Hoc|Any CPU.Build.0 = Release|Any CPU
		{F028F2B3-BA77-4CC7-904D-8AF228D32524}.Ad-Hoc|ARM.ActiveCfg = Release|Any CPU
		{F028F2B3-BA77-4CC7-904D-8AF228D32524}.Ad-Hoc|ARM.Build.0 = Release|Any CPU
		{F028F2B3-BA77-4CC7-904D-8AF228D32524}.Ad-Hoc|iPhone.ActiveCfg = Release|Any CPU
		{F028F2B3-BA77-4CC7-904D-8AF228D32524}.Ad-Hoc|iPhone.Build.0 = Release|Any CPU
		{F028F2B3-BA77-4CC7-904D-8AF228D32524}.Ad-Hoc|iPhoneSimulator.ActiveCfg = Release|Any CPU
		{F028F2B3-BA77-4CC7-904D-8AF228D32524}.Ad-Hoc|iPhoneSimulator.Build.0 = Release|Any CPU
		{F028F2B3-BA77-4CC7-904D-8AF228D32524}.Ad-Hoc|x64.ActiveCfg = Release|Any CPU
		{F028F2B3-BA77-4CC7-904D-8AF228D32524}.Ad-Hoc|x64.Build.0 = Release|Any CPU
		{F028F2B3-BA77-4CC7-904D-8AF228D32524}.Ad-Hoc|x86.ActiveCfg = Release|Any CPU
		{F028F2B3-BA77-4CC7-904D-8AF228D32524}.Ad-Hoc|x86.Build.0 = Release|Any CPU
		{F028F2B3-BA77-4CC7-904D-8AF228D32524}.AppStore|Any CPU.ActiveCfg = Release|Any CPU
		{F028F2B3-BA77-4CC7-904D-8AF228D32524}.AppStore|Any CPU.Build.0 = Release|Any CPU
		{F028F2B3-BA77-4CC7-904D-8AF228D32524}.AppStore|ARM.ActiveCfg = Release|Any CPU
		{F028F2B3-BA77-4CC7-904D-8AF228D32524}.AppStore|ARM.Build.0 = Release|Any CPU
		{F028F2B3-BA77-4CC7-904D-8AF228D32524}.AppStore|iPhone.ActiveCfg = Release|Any CPU
		{F028F2B3-BA77-4CC7-904D-8AF228D32524}.AppStore|iPhone.Build.0 = Release|Any CPU
		{F028F2B3-BA77-4CC7-904D-8AF228D32524}.AppStore|iPhoneSimulator.ActiveCfg = Release|Any CPU
		{F028F2B3-BA77-4CC7-904D-8AF228D32524}.AppStore|iPhoneSimulator.Build.0 = Release|Any CPU
		{F028F2B3-BA77-4CC7-904D-8AF228D32524}.AppStore|x64.ActiveCfg = Release|Any CPU
		{F028F2B3-BA77-4CC7-904D-8AF228D32524}.AppStore|x64.Build.0 = Release|Any CPU
		{F028F2B3-BA77-4CC7-904D-8AF228D32524}.AppStore|x86.ActiveCfg = Release|Any CPU
		{F028F2B3-BA77-4CC7-904D-8AF228D32524}.AppStore|x86.Build.0 = Release|Any CPU
		{F028F2B3-BA77-4CC7-904D-8AF228D32524}.Debug|Any CPU.ActiveCfg = Debug|Any CPU
		{F028F2B3-BA77-4CC7-904D-8AF228D32524}.Debug|Any CPU.Build.0 = Debug|Any CPU
		{F028F2B3-BA77-4CC7-904D-8AF228D32524}.Debug|ARM.ActiveCfg = Debug|Any CPU
		{F028F2B3-BA77-4CC7-904D-8AF228D32524}.Debug|ARM.Build.0 = Debug|Any CPU
		{F028F2B3-BA77-4CC7-904D-8AF228D32524}.Debug|iPhone.ActiveCfg = Debug|Any CPU
		{F028F2B3-BA77-4CC7-904D-8AF228D32524}.Debug|iPhone.Build.0 = Debug|Any CPU
		{F028F2B3-BA77-4CC7-904D-8AF228D32524}.Debug|iPhoneSimulator.ActiveCfg = Debug|Any CPU
		{F028F2B3-BA77-4CC7-904D-8AF228D32524}.Debug|iPhoneSimulator.Build.0 = Debug|Any CPU
		{F028F2B3-BA77-4CC7-904D-8AF228D32524}.Debug|x64.ActiveCfg = Debug|Any CPU
		{F028F2B3-BA77-4CC7-904D-8AF228D32524}.Debug|x64.Build.0 = Debug|Any CPU
		{F028F2B3-BA77-4CC7-904D-8AF228D32524}.Debug|x86.ActiveCfg = Debug|Any CPU
		{F028F2B3-BA77-4CC7-904D-8AF228D32524}.Debug|x86.Build.0 = Debug|Any CPU
		{F028F2B3-BA77-4CC7-904D-8AF228D32524}.Release|Any CPU.ActiveCfg = Release|Any CPU
		{F028F2B3-BA77-4CC7-904D-8AF228D32524}.Release|Any CPU.Build.0 = Release|Any CPU
		{F028F2B3-BA77-4CC7-904D-8AF228D32524}.Release|ARM.ActiveCfg = Release|Any CPU
		{F028F2B3-BA77-4CC7-904D-8AF228D32524}.Release|ARM.Build.0 = Release|Any CPU
		{F028F2B3-BA77-4CC7-904D-8AF228D32524}.Release|iPhone.ActiveCfg = Release|Any CPU
		{F028F2B3-BA77-4CC7-904D-8AF228D32524}.Release|iPhone.Build.0 = Release|Any CPU
		{F028F2B3-BA77-4CC7-904D-8AF228D32524}.Release|iPhoneSimulator.ActiveCfg = Release|Any CPU
		{F028F2B3-BA77-4CC7-904D-8AF228D32524}.Release|iPhoneSimulator.Build.0 = Release|Any CPU
		{F028F2B3-BA77-4CC7-904D-8AF228D32524}.Release|x64.ActiveCfg = Release|Any CPU
		{F028F2B3-BA77-4CC7-904D-8AF228D32524}.Release|x64.Build.0 = Release|Any CPU
		{F028F2B3-BA77-4CC7-904D-8AF228D32524}.Release|x86.ActiveCfg = Release|Any CPU
		{F028F2B3-BA77-4CC7-904D-8AF228D32524}.Release|x86.Build.0 = Release|Any CPU
		{35B5604C-FD36-4F3D-AA52-5AAF6035D8CF}.Ad-Hoc|Any CPU.ActiveCfg = Release|Any CPU
		{35B5604C-FD36-4F3D-AA52-5AAF6035D8CF}.Ad-Hoc|Any CPU.Build.0 = Release|Any CPU
		{35B5604C-FD36-4F3D-AA52-5AAF6035D8CF}.Ad-Hoc|ARM.ActiveCfg = Release|Any CPU
		{35B5604C-FD36-4F3D-AA52-5AAF6035D8CF}.Ad-Hoc|ARM.Build.0 = Release|Any CPU
		{35B5604C-FD36-4F3D-AA52-5AAF6035D8CF}.Ad-Hoc|iPhone.ActiveCfg = Release|Any CPU
		{35B5604C-FD36-4F3D-AA52-5AAF6035D8CF}.Ad-Hoc|iPhone.Build.0 = Release|Any CPU
		{35B5604C-FD36-4F3D-AA52-5AAF6035D8CF}.Ad-Hoc|iPhoneSimulator.ActiveCfg = Release|Any CPU
		{35B5604C-FD36-4F3D-AA52-5AAF6035D8CF}.Ad-Hoc|iPhoneSimulator.Build.0 = Release|Any CPU
		{35B5604C-FD36-4F3D-AA52-5AAF6035D8CF}.Ad-Hoc|x64.ActiveCfg = Release|Any CPU
		{35B5604C-FD36-4F3D-AA52-5AAF6035D8CF}.Ad-Hoc|x64.Build.0 = Release|Any CPU
		{35B5604C-FD36-4F3D-AA52-5AAF6035D8CF}.Ad-Hoc|x86.ActiveCfg = Release|Any CPU
		{35B5604C-FD36-4F3D-AA52-5AAF6035D8CF}.Ad-Hoc|x86.Build.0 = Release|Any CPU
		{35B5604C-FD36-4F3D-AA52-5AAF6035D8CF}.AppStore|Any CPU.ActiveCfg = Release|Any CPU
		{35B5604C-FD36-4F3D-AA52-5AAF6035D8CF}.AppStore|Any CPU.Build.0 = Release|Any CPU
		{35B5604C-FD36-4F3D-AA52-5AAF6035D8CF}.AppStore|ARM.ActiveCfg = Release|Any CPU
		{35B5604C-FD36-4F3D-AA52-5AAF6035D8CF}.AppStore|ARM.Build.0 = Release|Any CPU
		{35B5604C-FD36-4F3D-AA52-5AAF6035D8CF}.AppStore|iPhone.ActiveCfg = Release|Any CPU
		{35B5604C-FD36-4F3D-AA52-5AAF6035D8CF}.AppStore|iPhone.Build.0 = Release|Any CPU
		{35B5604C-FD36-4F3D-AA52-5AAF6035D8CF}.AppStore|iPhoneSimulator.ActiveCfg = Release|Any CPU
		{35B5604C-FD36-4F3D-AA52-5AAF6035D8CF}.AppStore|iPhoneSimulator.Build.0 = Release|Any CPU
		{35B5604C-FD36-4F3D-AA52-5AAF6035D8CF}.AppStore|x64.ActiveCfg = Release|Any CPU
		{35B5604C-FD36-4F3D-AA52-5AAF6035D8CF}.AppStore|x64.Build.0 = Release|Any CPU
		{35B5604C-FD36-4F3D-AA52-5AAF6035D8CF}.AppStore|x86.ActiveCfg = Release|Any CPU
		{35B5604C-FD36-4F3D-AA52-5AAF6035D8CF}.AppStore|x86.Build.0 = Release|Any CPU
		{35B5604C-FD36-4F3D-AA52-5AAF6035D8CF}.Debug|Any CPU.ActiveCfg = Debug|Any CPU
		{35B5604C-FD36-4F3D-AA52-5AAF6035D8CF}.Debug|Any CPU.Build.0 = Debug|Any CPU
		{35B5604C-FD36-4F3D-AA52-5AAF6035D8CF}.Debug|ARM.ActiveCfg = Debug|Any CPU
		{35B5604C-FD36-4F3D-AA52-5AAF6035D8CF}.Debug|ARM.Build.0 = Debug|Any CPU
		{35B5604C-FD36-4F3D-AA52-5AAF6035D8CF}.Debug|iPhone.ActiveCfg = Debug|Any CPU
		{35B5604C-FD36-4F3D-AA52-5AAF6035D8CF}.Debug|iPhone.Build.0 = Debug|Any CPU
		{35B5604C-FD36-4F3D-AA52-5AAF6035D8CF}.Debug|iPhoneSimulator.ActiveCfg = Debug|Any CPU
		{35B5604C-FD36-4F3D-AA52-5AAF6035D8CF}.Debug|iPhoneSimulator.Build.0 = Debug|Any CPU
		{35B5604C-FD36-4F3D-AA52-5AAF6035D8CF}.Debug|x64.ActiveCfg = Debug|Any CPU
		{35B5604C-FD36-4F3D-AA52-5AAF6035D8CF}.Debug|x64.Build.0 = Debug|Any CPU
		{35B5604C-FD36-4F3D-AA52-5AAF6035D8CF}.Debug|x86.ActiveCfg = Debug|Any CPU
		{35B5604C-FD36-4F3D-AA52-5AAF6035D8CF}.Debug|x86.Build.0 = Debug|Any CPU
		{35B5604C-FD36-4F3D-AA52-5AAF6035D8CF}.Release|Any CPU.ActiveCfg = Release|Any CPU
		{35B5604C-FD36-4F3D-AA52-5AAF6035D8CF}.Release|Any CPU.Build.0 = Release|Any CPU
		{35B5604C-FD36-4F3D-AA52-5AAF6035D8CF}.Release|ARM.ActiveCfg = Release|Any CPU
		{35B5604C-FD36-4F3D-AA52-5AAF6035D8CF}.Release|ARM.Build.0 = Release|Any CPU
		{35B5604C-FD36-4F3D-AA52-5AAF6035D8CF}.Release|iPhone.ActiveCfg = Release|Any CPU
		{35B5604C-FD36-4F3D-AA52-5AAF6035D8CF}.Release|iPhone.Build.0 = Release|Any CPU
		{35B5604C-FD36-4F3D-AA52-5AAF6035D8CF}.Release|iPhoneSimulator.ActiveCfg = Release|Any CPU
		{35B5604C-FD36-4F3D-AA52-5AAF6035D8CF}.Release|iPhoneSimulator.Build.0 = Release|Any CPU
		{35B5604C-FD36-4F3D-AA52-5AAF6035D8CF}.Release|x64.ActiveCfg = Release|Any CPU
		{35B5604C-FD36-4F3D-AA52-5AAF6035D8CF}.Release|x64.Build.0 = Release|Any CPU
		{35B5604C-FD36-4F3D-AA52-5AAF6035D8CF}.Release|x86.ActiveCfg = Release|Any CPU
		{35B5604C-FD36-4F3D-AA52-5AAF6035D8CF}.Release|x86.Build.0 = Release|Any CPU
		{55573268-FFAD-41F4-A45E-25B864127449}.Ad-Hoc|Any CPU.ActiveCfg = Debug|Any CPU
		{55573268-FFAD-41F4-A45E-25B864127449}.Ad-Hoc|Any CPU.Build.0 = Debug|Any CPU
		{55573268-FFAD-41F4-A45E-25B864127449}.Ad-Hoc|ARM.ActiveCfg = Debug|Any CPU
		{55573268-FFAD-41F4-A45E-25B864127449}.Ad-Hoc|ARM.Build.0 = Debug|Any CPU
		{55573268-FFAD-41F4-A45E-25B864127449}.Ad-Hoc|iPhone.ActiveCfg = Debug|Any CPU
		{55573268-FFAD-41F4-A45E-25B864127449}.Ad-Hoc|iPhone.Build.0 = Debug|Any CPU
		{55573268-FFAD-41F4-A45E-25B864127449}.Ad-Hoc|iPhoneSimulator.ActiveCfg = Debug|Any CPU
		{55573268-FFAD-41F4-A45E-25B864127449}.Ad-Hoc|iPhoneSimulator.Build.0 = Debug|Any CPU
		{55573268-FFAD-41F4-A45E-25B864127449}.Ad-Hoc|x64.ActiveCfg = Debug|Any CPU
		{55573268-FFAD-41F4-A45E-25B864127449}.Ad-Hoc|x64.Build.0 = Debug|Any CPU
		{55573268-FFAD-41F4-A45E-25B864127449}.Ad-Hoc|x86.ActiveCfg = Debug|Any CPU
		{55573268-FFAD-41F4-A45E-25B864127449}.Ad-Hoc|x86.Build.0 = Debug|Any CPU
		{55573268-FFAD-41F4-A45E-25B864127449}.AppStore|Any CPU.ActiveCfg = Debug|Any CPU
		{55573268-FFAD-41F4-A45E-25B864127449}.AppStore|Any CPU.Build.0 = Debug|Any CPU
		{55573268-FFAD-41F4-A45E-25B864127449}.AppStore|ARM.ActiveCfg = Debug|Any CPU
		{55573268-FFAD-41F4-A45E-25B864127449}.AppStore|ARM.Build.0 = Debug|Any CPU
		{55573268-FFAD-41F4-A45E-25B864127449}.AppStore|iPhone.ActiveCfg = Debug|Any CPU
		{55573268-FFAD-41F4-A45E-25B864127449}.AppStore|iPhone.Build.0 = Debug|Any CPU
		{55573268-FFAD-41F4-A45E-25B864127449}.AppStore|iPhoneSimulator.ActiveCfg = Debug|Any CPU
		{55573268-FFAD-41F4-A45E-25B864127449}.AppStore|iPhoneSimulator.Build.0 = Debug|Any CPU
		{55573268-FFAD-41F4-A45E-25B864127449}.AppStore|x64.ActiveCfg = Debug|Any CPU
		{55573268-FFAD-41F4-A45E-25B864127449}.AppStore|x64.Build.0 = Debug|Any CPU
		{55573268-FFAD-41F4-A45E-25B864127449}.AppStore|x86.ActiveCfg = Debug|Any CPU
		{55573268-FFAD-41F4-A45E-25B864127449}.AppStore|x86.Build.0 = Debug|Any CPU
		{55573268-FFAD-41F4-A45E-25B864127449}.Debug|Any CPU.ActiveCfg = Debug|Any CPU
		{55573268-FFAD-41F4-A45E-25B864127449}.Debug|Any CPU.Build.0 = Debug|Any CPU
		{55573268-FFAD-41F4-A45E-25B864127449}.Debug|ARM.ActiveCfg = Debug|Any CPU
		{55573268-FFAD-41F4-A45E-25B864127449}.Debug|ARM.Build.0 = Debug|Any CPU
		{55573268-FFAD-41F4-A45E-25B864127449}.Debug|iPhone.ActiveCfg = Debug|Any CPU
		{55573268-FFAD-41F4-A45E-25B864127449}.Debug|iPhone.Build.0 = Debug|Any CPU
		{55573268-FFAD-41F4-A45E-25B864127449}.Debug|iPhoneSimulator.ActiveCfg = Debug|Any CPU
		{55573268-FFAD-41F4-A45E-25B864127449}.Debug|iPhoneSimulator.Build.0 = Debug|Any CPU
		{55573268-FFAD-41F4-A45E-25B864127449}.Debug|x64.ActiveCfg = Debug|Any CPU
		{55573268-FFAD-41F4-A45E-25B864127449}.Debug|x64.Build.0 = Debug|Any CPU
		{55573268-FFAD-41F4-A45E-25B864127449}.Debug|x86.ActiveCfg = Debug|Any CPU
		{55573268-FFAD-41F4-A45E-25B864127449}.Debug|x86.Build.0 = Debug|Any CPU
		{55573268-FFAD-41F4-A45E-25B864127449}.Release|Any CPU.ActiveCfg = Release|Any CPU
		{55573268-FFAD-41F4-A45E-25B864127449}.Release|Any CPU.Build.0 = Release|Any CPU
		{55573268-FFAD-41F4-A45E-25B864127449}.Release|ARM.ActiveCfg = Release|Any CPU
		{55573268-FFAD-41F4-A45E-25B864127449}.Release|ARM.Build.0 = Release|Any CPU
		{55573268-FFAD-41F4-A45E-25B864127449}.Release|iPhone.ActiveCfg = Release|Any CPU
		{55573268-FFAD-41F4-A45E-25B864127449}.Release|iPhone.Build.0 = Release|Any CPU
		{55573268-FFAD-41F4-A45E-25B864127449}.Release|iPhoneSimulator.ActiveCfg = Release|Any CPU
		{55573268-FFAD-41F4-A45E-25B864127449}.Release|iPhoneSimulator.Build.0 = Release|Any CPU
		{55573268-FFAD-41F4-A45E-25B864127449}.Release|x64.ActiveCfg = Release|Any CPU
		{55573268-FFAD-41F4-A45E-25B864127449}.Release|x64.Build.0 = Release|Any CPU
		{55573268-FFAD-41F4-A45E-25B864127449}.Release|x86.ActiveCfg = Release|Any CPU
		{55573268-FFAD-41F4-A45E-25B864127449}.Release|x86.Build.0 = Release|Any CPU
	EndGlobalSection
	GlobalSection(SolutionProperties) = preSolution
		HideSolutionNode = FALSE
	EndGlobalSection
	GlobalSection(ExtensibilityGlobals) = postSolution
		SolutionGuid = {27B530B8-C968-4C9F-A36D-EC93A9053AFA}
	EndGlobalSection
EndGlobal
